{
  "name": "mighty-db-proxy",
  "version": "1.0.0",
  "lockfileVersion": 3,
  "requires": true,
  "packages": {
    "": {
      "name": "mighty-db-proxy",
      "version": "1.0.0",
      "dependencies": {
        "@instantdb/core": "^0.17.0"
      }
    },
    "node_modules/@instantdb/core": {
      "version": "0.17.33",
      "resolved": "https://registry.npmjs.org/@instantdb/core/-/core-0.17.33.tgz",
      "integrity": "sha512-naL7pb2n2qVU+8oTuybq851bQwJY3RDPGDk3PahJ1uIxKAYeb2+BxJ81na7ZKtYRaUGnmHeXgZSN2fUb5CoY/g==",
      "dependencies": {
        "mutative": "^1.0.10",
        "uuid": "^9.0.0"
      }
    },
    "node_modules/mutative": {
      "version": "1.3.0",
      "resolved": "https://registry.npmjs.org/mutative/-/mutative-1.3.0.tgz",
      "integrity": "sha512-8MJj6URmOZAV70dpFe1YnSppRTKC4DsMkXQiBDFayLcDI4ljGokHxmpqaBQuDWa4iAxWaJJ1PS8vAmbntjjKmQ==",
      "license": "MIT",
      "engines": {
        "node": ">=14.0"
      }
    },
    "node_modules/uuid": {
      "version": "9.0.1",
      "resolved": "https://registry.npmjs.org/uuid/-/uuid-9.0.1.tgz",
      "integrity": "sha512-b+1eJOlsR9K8HJpow9Ok3fiWOWSIcIzXodvv0rQjVoOVNpWMpxf1wZNpt4y9h10odCNrqnYp1OBzRktckBe3sA==",
      "funding": [
        "https://github.com/sponsors/broofa",
        "https://github.com/sponsors/ctavan"
      ],
      "license": "MIT",
      "bin": {
        "uuid": "dist/bin/uuid"
      }
    }
  }
}
